// !$*UTF8*$!
{
	archiveVersion = 1;
	classes = {
	};
	objectVersion = 48;
	objects = {

/* Begin PBXBuildFile section */
		3021A0B81FC71E0000591A4E /* AppDelegate.swift in Sources */ = {isa = PBXBuildFile; fileRef = 3021A0B71FC71E0000591A4E /* AppDelegate.swift */; };
		3021A0BA1FC71E0000591A4E /* ViewController.swift in Sources */ = {isa = PBXBuildFile; fileRef = 3021A0B91FC71E0000591A4E /* ViewController.swift */; };
		3021A0BC1FC71E0000591A4E /* Assets.xcassets in Resources */ = {isa = PBXBuildFile; fileRef = 3021A0BB1FC71E0000591A4E /* Assets.xcassets */; };
		3021A0BF1FC71E0000591A4E /* Main.storyboard in Resources */ = {isa = PBXBuildFile; fileRef = 3021A0BD1FC71E0000591A4E /* Main.storyboard */; };
/* End PBXBuildFile section */

/* Begin PBXFileReference section */
		3021A0B41FC71E0000591A4E /* BandHelper Text Entry Helper.app */ = {isa = PBXFileReference; explicitFileType = wrapper.application; includeInIndex = 0; path = "BandHelper Text Entry Helper.app"; sourceTree = BUILT_PRODUCTS_DIR; };
		3021A0B71FC71E0000591A4E /* AppDelegate.swift */ = {isa = PBXFileReference; lastKnownFileType = sourcecode.swift; path = AppDelegate.swift; sourceTree = "<group>"; };
		3021A0B91FC71E0000591A4E /* ViewController.swift */ = {isa = PBXFileReference; lastKnownFileType = sourcecode.swift; path = ViewController.swift; sourceTree = "<group>"; };
		3021A0BB1FC71E0000591A4E /* Assets.xcassets */ = {isa = PBXFileReference; lastKnownFileType = folder.assetcatalog; path = Assets.xcassets; sourceTree = "<group>"; };
		3021A0BE1FC71E0000591A4E /* Base */ = {isa = PBXFileReference; lastKnownFileType = file.storyboard; name = Base; path = Base.lproj/Main.storyboard; sourceTree = "<group>"; };
		3021A0C01FC71E0000591A4E /* Info.plist */ = {isa = PBXFileReference; lastKnownFileType = text.plist.xml; path = Info.plist; sourceTree = "<group>"; };
		3021A0C11FC71E0000591A4E /* BandHelper_Text_Entry_Helper.entitlements */ = {isa = PBXFileReference; lastKnownFileType = text.plist.entitlements; path = BandHelper_Text_Entry_Helper.entitlements; sourceTree = "<group>"; };
/* End PBXFileReference section */

/* Begin PBXFrameworksBuildPhase section */
		3021A0B11FC71E0000591A4E /* Frameworks */ = {
			isa = PBXFrameworksBuildPhase;
			buildActionMask = 2147483647;
			files = (
			);
			runOnlyForDeploymentPostprocessing = 0;
		};
/* End PBXFrameworksBuildPhase section */

/* Begin PBXGroup section */
		3021A0AB1FC71DFF00591A4E = {
			isa = PBXGroup;
			children = (
				3021A0B61FC71E0000591A4E /* BandHelper Text Entry Helper */,
				3021A0B51FC71E0000591A4E /* Products */,
			);
			sourceTree = "<group>";
		};
		3021A0B51FC71E0000591A4E /* Products */ = {
			isa = PBXGroup;
			children = (
				3021A0B41FC71E0000591A4E /* BandHelper Text Entry Helper.app */,
			);
			name = Products;
			sourceTree = "<group>";
		};
		3021A0B61FC71E0000591A4E /* BandHelper Text Entry Helper */ = {
			isa = PBXGroup;
			children = (
				3021A0B71FC71E0000591A4E /* AppDelegate.swift */,
				3021A0B91FC71E0000591A4E /* ViewController.swift */,
				3021A0BB1FC71E0000591A4E /* Assets.xcassets */,
				3021A0BD1FC71E0000591A4E /* Main.storyboard */,
				3021A0C01FC71E0000591A4E /* Info.plist */,
				3021A0C11FC71E0000591A4E /* BandHelper_Text_Entry_Helper.entitlements */,
			);
			path = "BandHelper Text Entry Helper";
			sourceTree = "<group>";
		};
/* End PBXGroup section */

/* Begin PBXNativeTarget section */
		3021A0B31FC71E0000591A4E /* BandHelper Text Entry Helper */ = {
			isa = PBXNativeTarget;
			buildConfigurationList = 3021A0C41FC71E0000591A4E /* Build configuration list for PBXNativeTarget "BandHelper Text Entry Helper" */;
			buildPhases = (
				3021A0B01FC71E0000591A4E /* Sources */,
				3021A0B11FC71E0000591A4E /* Frameworks */,
				3021A0B21FC71E0000591A4E /* Resources */,
			);
			buildRules = (
			);
			dependencies = (
			);
			name = "BandHelper Text Entry Helper";
			productName = "BandHelper Text Entry Helper";
			productReference = 3021A0B41FC71E0000591A4E /* BandHelper Text Entry Helper.app */;
			productType = "com.apple.product-type.application";
		};
/* End PBXNativeTarget section */

/* Begin PBXProject section */
		3021A0AC1FC71DFF00591A4E /* Project object */ = {
			isa = PBXProject;
			attributes = {
				LastSwiftUpdateCheck = 0910;
				LastUpgradeCheck = 0910;
				ORGANIZATIONNAME = "Lennart Wisbar";
				TargetAttributes = {
					3021A0B31FC71E0000591A4E = {
						CreatedOnToolsVersion = 9.1;
						ProvisioningStyle = Automatic;
					};
				};
			};
			buildConfigurationList = 3021A0AF1FC71DFF00591A4E /* Build configuration list for PBXProject "BandHelper Text Entry Helper" */;
			compatibilityVersion = "Xcode 8.0";
			developmentRegion = en;
			hasScannedForEncodings = 0;
			knownRegions = (
				en,
				Base,
			);
			mainGroup = 3021A0AB1FC71DFF00591A4E;
			productRefGroup = 3021A0B51FC71E0000591A4E /* Products */;
			projectDirPath = "";
			projectRoot = "";
			targets = (
				3021A0B31FC71E0000591A4E /* BandHelper Text Entry Helper */,
			);
		};
/* End PBXProject section */

/* Begin PBXResourcesBuildPhase section */
		3021A0B21FC71E0000591A4E /* Resources */ = {
			isa = PBXResourcesBuildPhase;
			buildActionMask = 2147483647;
			files = (
				3021A0BC1FC71E0000591A4E /* Assets.xcassets in Resources */,
				3021A0BF1FC71E0000591A4E /* Main.storyboard in Resources */,
			);
			runOnlyForDeploymentPostprocessing = 0;
		};
/* End PBXResourcesBuildPhase section */

/* Begin PBXSourcesBuildPhase section */
		3021A0B01FC71E0000591A4E /* Sources */ = {
			isa = PBXSourcesBuildPhase;
			buildActionMask = 2147483647;
			files = (
				3021A0BA1FC71E0000591A4E /* ViewController.swift in Sources */,
				3021A0B81FC71E0000591A4E /* AppDelegate.swift in Sources */,
			);
			runOnlyForDeploymentPostprocessing = 0;
		};
/* End PBXSourcesBuildPhase section */

/* Begin PBXVariantGroup section */
		3021A0BD1FC71E0000591A4E /* Main.storyboard */ = {
			isa = PBXVariantGroup;
			children = (
				3021A0BE1FC71E0000591A4E /* Base */,
			);
			name = Main.storyboard;
			sourceTree = "<group>";
		};
/* End PBXVariantGroup section */

/* Begin XCBuildConfiguration section */
		3021A0C21FC71E0000591A4E /* Debug */ = {
			isa = XCBuildConfiguration;
			buildSettings = {
				ALWAYS_SEARCH_USER_PATHS = NO;
				CLANG_ANALYZER_NONNULL = YES;
				CLANG_ANALYZER_NUMBER_OBJECT_CONVERSION = YES_AGGRESSIVE;
				CLANG_CXX_LANGUAGE_STANDARD = "gnu++14";
				CLANG_CXX_LIBRARY = "libc++";
				CLANG_ENABLE_MODULES = YES;
				CLANG_ENABLE_OBJC_ARC = YES;
				CLANG_WARN_BLOCK_CAPTURE_AUTORELEASING = YES;
				CLANG_WARN_BOOL_CONVERSION = YES;
				CLANG_WARN_COMMA = YES;
				CLANG_WARN_CONSTANT_CONVERSION = YES;
				CLANG_WARN_DIRECT_OBJC_ISA_USAGE = YES_ERROR;
				CLANG_WARN_DOCUMENTATION_COMMENTS = YES;
				CLANG_WARN_EMPTY_BODY = YES;
				CLANG_WARN_ENUM_CONVERSION = YES;
				CLANG_WARN_INFINITE_RECURSION = YES;
				CLANG_WARN_INT_CONVERSION = YES;
				CLANG_WARN_NON_LITERAL_NULL_CONVERSION = YES;
				CLANG_WARN_OBJC_LITERAL_CONVERSION = YES;
				CLANG_WARN_OBJC_ROOT_CLASS = YES_ERROR;
				CLANG_WARN_RANGE_LOOP_ANALYSIS = YES;
				CLANG_WARN_STRICT_PROTOTYPES = YES;
				CLANG_WARN_SUSPICIOUS_MOVE = YES;
				CLANG_WARN_UNGUARDED_AVAILABILITY = YES_AGGRESSIVE;
				CLANG_WARN_UNREACHABLE_CODE = YES;
				CLANG_WARN__DUPLICATE_METHOD_MATCH = YES;
				CODE_SIGN_IDENTITY = "Mac Developer";
				COPY_PHASE_STRIP = NO;
				DEBUG_INFORMATION_FORMAT = dwarf;
				ENABLE_STRICT_OBJC_MSGSEND = YES;
				ENABLE_TESTABILITY = YES;
				GCC_C_LANGUAGE_STANDARD = gnu11;
				GCC_DYNAMIC_NO_PIC = NO;
				GCC_NO_COMMON_BLOCKS = YES;
				GCC_OPTIMIZATION_LEVEL = 0;
				GCC_PREPROCESSOR_DEFINITIONS = (
					"DEBUG=1",
					"$(inherited)",
				);
				GCC_WARN_64_TO_32_BIT_CONVERSION = YES;
				GCC_WARN_ABOUT_RETURN_TYPE = YES_ERROR;
				GCC_WARN_UNDECLARED_SELECTOR = YES;
				GCC_WARN_UNINITIALIZED_AUTOS = YES_AGGRESSIVE;
				GCC_WARN_UNUSED_FUNCTION = YES;
				GCC_WARN_UNUSED_VARIABLE = YES;
				MACOSX_DEPLOYMENT_TARGET = 10.12;
				MTL_ENABLE_DEBUG_INFO = YES;
				ONLY_ACTIVE_ARCH = YES;
				SDKROOT = macosx;
				SWIFT_ACTIVE_COMPILATION_CONDITIONS = DEBUG;
				SWIFT_OPTIMIZATION_LEVEL = "-Onone";
			};
			name = Debug;
		};
		3021A0C31FC71E0000591A4E /* Release */ = {
			isa = XCBuildConfiguration;
			buildSettings = {
				ALWAYS_SEARCH_USER_PATHS = NO;
				CLANG_ANALYZER_NONNULL = YES;
				CLANG_ANALYZER_NUMBER_OBJECT_CONVERSION = YES_AGGRESSIVE;
				CLANG_CXX_LANGUAGE_STANDARD = "gnu++14";
				CLANG_CXX_LIBRARY = "libc++";
				CLANG_ENABLE_MODULES = YES;
				CLANG_ENABLE_OBJC_ARC = YES;
				CLANG_WARN_BLOCK_CAPTURE_AUTORELEASING = YES;
				CLANG_WARN_BOOL_CONVERSION = YES;
				CLANG_WARN_COMMA = YES;
				CLANG_WARN_CONSTANT_CONVERSION = YES;
				CLANG_WARN_DIRECT_OBJC_ISA_USAGE = YES_ERROR;
				CLANG_WARN_DOCUMENTATION_COMMENTS = YES;
				CLANG_WARN_EMPTY_BODY = YES;
				CLANG_WARN_ENUM_CONVERSION = YES;
				CLANG_WARN_INFINITE_RECURSION = YES;
				CLANG_WARN_INT_CONVERSION = YES;
				CLANG_WARN_NON_LITERAL_NULL_CONVERSION = YES;
				CLANG_WARN_OBJC_LITERAL_CONVERSION = YES;
				CLANG_WARN_OBJC_ROOT_CLASS = YES_ERROR;
				CLANG_WARN_RANGE_LOOP_ANALYSIS = YES;
				CLANG_WARN_STRICT_PROTOTYPES = YES;
				CLANG_WARN_SUSPICIOUS_MOVE = YES;
				CLANG_WARN_UNGUARDED_AVAILABILITY = YES_AGGRESSIVE;
				CLANG_WARN_UNREACHABLE_CODE = YES;
				CLANG_WARN__DUPLICATE_METHOD_MATCH = YES;
				CODE_SIGN_IDENTITY = "Mac Developer";
				COPY_PHASE_STRIP = NO;
				DEBUG_INFORMATION_FORMAT = "dwarf-with-dsym";
				ENABLE_NS_ASSERTIONS = NO;
				ENABLE_STRICT_OBJC_MSGSEND = YES;
				GCC_C_LANGUAGE_STANDARD = gnu11;
				GCC_NO_COMMON_BLOCKS = YES;
				GCC_WARN_64_TO_32_BIT_CONVERSION = YES;
				GCC_WARN_ABOUT_RETURN_TYPE = YES_ERROR;
				GCC_WARN_UNDECLARED_SELECTOR = YES;
				GCC_WARN_UNINITIALIZED_AUTOS = YES_AGGRESSIVE;
				GCC_WARN_UNUSED_FUNCTION = YES;
				GCC_WARN_UNUSED_VARIABLE = YES;
				MACOSX_DEPLOYMENT_TARGET = 10.12;
				MTL_ENABLE_DEBUG_INFO = NO;
				SDKROOT = macosx;
				SWIFT_OPTIMIZATION_LEVEL = "-Owholemodule";
			};
			name = Release;
		};
		3021A0C51FC71E0000591A4E /* Debug */ = {
			isa = XCBuildConfiguration;
			buildSettings = {
				ASSETCATALOG_COMPILER_APPICON_NAME = AppIcon;
				CODE_SIGN_ENTITLEMENTS = "BandHelper Text Entry Helper/BandHelper_Text_Entry_Helper.entitlements";
				CODE_SIGN_STYLE = Automatic;
				COMBINE_HIDPI_IMAGES = YES;
				DEVELOPMENT_TEAM = 9SPL76B3GR;
				INFOPLIST_FILE = "BandHelper Text Entry Helper/Info.plist";
				LD_RUNPATH_SEARCH_PATHS = "$(inherited) @executable_path/../Frameworks";
				PRODUCT_BUNDLE_IDENTIFIER = "de.lennartwisbar.BandHelper-Text-Entry-Helper";
				PRODUCT_NAME = "$(TARGET_NAME)";
				SWIFT_VERSION = 4.0;
			};
			name = Debug;
		};
		3021A0C61FC71E0000591A4E /* Release */ = {
			isa = XCBuildConfiguration;
			buildSettings = {
				ASSETCATALOG_COMPILER_APPICON_NAME = AppIcon;
				CODE_SIGN_ENTITLEMENTS = "BandHelper Text Entry Helper/BandHelper_Text_Entry_Helper.entitlements";
				CODE_SIGN_STYLE = Automatic;
				COMBINE_HIDPI_IMAGES = YES;
				DEVELOPMENT_TEAM = 9SPL76B3GR;
				INFOPLIST_FILE = "BandHelper Text Entry Helper/Info.plist";
				LD_RUNPATH_SEARCH_PATHS = "$(inherited) @executable_path/../Frameworks";
				PRODUCT_BUNDLE_IDENTIFIER = "de.lennartwisbar.BandHelper-Text-Entry-Helper";
				PRODUCT_NAME = "$(TARGET_NAME)";
				SWIFT_VERSION = 4.0;
			};
			name = Release;
		};
/* End XCBuildConfiguration section */

/* Begin XCConfigurationList section */
		3021A0AF1FC71DFF00591A4E /* Build configuration list for PBXProject "BandHelper Text Entry Helper" */ = {
			isa = XCConfigurationList;
			buildConfigurations = (
				3021A0C21FC71E0000591A4E /* Debug */,
				3021A0C31FC71E0000591A4E /* Release */,
			);
			defaultConfigurationIsVisible = 0;
			defaultConfigurationName = Release;
		};
		3021A0C41FC71E0000591A4E /* Build configuration list for PBXNativeTarget "BandHelper Text Entry Helper" */ = {
			isa = XCConfigurationList;
			buildConfigurations = (
				3021A0C51FC71E0000591A4E /* Debug */,
				3021A0C61FC71E0000591A4E /* Release */,
			);
			defaultConfigurationIsVisible = 0;
			defaultConfigurationName = Release;
		};
/* End XCConfigurationList section */
	};
	rootObject = 3021A0AC1FC71DFF00591A4E /* Project object */;
}
